{
  "version": 4,
  "terraform_version": "1.6.4",
  "serial": 26,
  "lineage": "ae494296-e768-59bd-2e29-a0b7ca072ebf",
  "outputs": {},
  "resources": [
    {
      "module": "module.sqldb",
      "mode": "managed",
      "type": "random_id",
      "name": "name",
      "provider": "provider[\"registry.terraform.io/hashicorp/random\"]",
      "instances": [
        {
          "schema_version": 0,
          "attributes": {
            "b64_std": "rlQ=",
            "b64_url": "rlQ",
            "byte_length": 2,
            "dec": "44628",
            "hex": "ae54",
            "id": "rlQ",
            "keepers": null,
            "prefix": null
          },
          "sensitive_attributes": []
        }
      ]
    },
    {
      "module": "module.sqldb.module.mysql-db",
      "mode": "managed",
      "type": "google_sql_database",
      "name": "default",
      "provider": "provider[\"registry.terraform.io/hashicorp/google\"]",
      "instances": [
        {
          "index_key": 0,
          "schema_version": 0,
          "attributes": {
            "charset": "utf8",
            "collation": "utf8_general_ci",
            "deletion_policy": "DELETE",
            "id": "projects/fpl-analysis-tool/instances/fpl-afdbb6fb/databases/default",
            "instance": "fpl-afdbb6fb",
            "name": "default",
            "project": "fpl-analysis-tool",
            "self_link": "https://sqladmin.googleapis.com/sql/v1beta4/projects/fpl-analysis-tool/instances/fpl-afdbb6fb/databases/default",
            "timeouts": null
          },
          "sensitive_attributes": [],
          "private": "eyJlMmJmYjczMC1lY2FhLTExZTYtOGY4OC0zNDM2M2JjN2M0YzAiOnsiY3JlYXRlIjoxMjAwMDAwMDAwMDAwLCJkZWxldGUiOjEyMDAwMDAwMDAwMDAsInVwZGF0ZSI6MTIwMDAwMDAwMDAwMH19",
          "dependencies": [
            "module.sqldb.module.mysql-db.google_sql_database_instance.default",
            "module.sqldb.module.mysql-db.null_resource.module_depends_on",
            "module.sqldb.module.mysql-db.random_id.suffix"
          ]
        }
      ]
    },
    {
      "module": "module.sqldb.module.mysql-db",
      "mode": "managed",
      "type": "google_sql_database_instance",
      "name": "default",
      "provider": "provider[\"registry.terraform.io/hashicorp/google-beta\"]",
      "instances": [
        {
          "schema_version": 0,
          "attributes": {
            "available_maintenance_versions": [],
            "clone": [],
            "connection_name": "fpl-analysis-tool:us-central1:fpl-afdbb6fb",
            "database_version": "MYSQL_5_6",
            "deletion_protection": false,
            "dns_name": "",
            "encryption_key_name": null,
            "first_ip_address": "34.171.150.16",
            "id": "fpl-afdbb6fb",
            "instance_type": "CLOUD_SQL_INSTANCE",
            "ip_address": [
              {
                "ip_address": "34.171.150.16",
                "time_to_retire": "",
                "type": "PRIMARY"
              }
            ],
            "maintenance_version": "MYSQL_5_6_51.R20231105.01_03",
            "master_instance_name": "",
            "name": "fpl-afdbb6fb",
            "private_ip_address": "",
            "project": "fpl-analysis-tool",
            "psc_service_attachment_link": "",
            "public_ip_address": "34.171.150.16",
            "region": "us-central1",
            "replica_configuration": [],
            "restore_backup_context": [],
            "root_password": null,
            "self_link": "https://sqladmin.googleapis.com/sql/v1beta4/projects/fpl-analysis-tool/instances/fpl-afdbb6fb",
            "server_ca_cert": [
              {
                "cert": "-----BEGIN CERTIFICATE-----\nMIIDfzCCAmegAwIBAgIBADANBgkqhkiG9w0BAQsFADB3MS0wKwYDVQQuEyRhZDZm\nMGQ5Mi01OTExLTQ4NDgtYmViMC0wZDlkYjk5NzMyZTkxIzAhBgNVBAMTGkdvb2ds\nZSBDbG91ZCBTUUwgU2VydmVyIENBMRQwEgYDVQQKEwtHb29nbGUsIEluYzELMAkG\nA1UEBhMCVVMwHhcNMjQwMTI2MTE1MDAzWhcNMzQwMTIzMTE1MTAzWjB3MS0wKwYD\nVQQuEyRhZDZmMGQ5Mi01OTExLTQ4NDgtYmViMC0wZDlkYjk5NzMyZTkxIzAhBgNV\nBAMTGkdvb2dsZSBDbG91ZCBTUUwgU2VydmVyIENBMRQwEgYDVQQKEwtHb29nbGUs\nIEluYzELMAkGA1UEBhMCVVMwggEiMA0GCSqGSIb3DQEBAQUAA4IBDwAwggEKAoIB\nAQCqgzPN+Sufs8mI5P50tPZTZJHK3DIbBHFi5042moZyWBFP88c7mqQnEngBOFmf\nWtBTB4shN5qfLOXod3mfClDbwjbxq3YFb4i+vS+qLCb7NP1MilxRnkGIoYO6mM0I\nm+gzYKRpUsP5Br5/2p49Wxah5s4GagPYfzGiBatt7A1lk7rtDaosmXcIZ5XsKesZ\nAsc3LU19cGvmCVV4UlMFu96525QXN7Z70ABr9yt1r9WrsR1SocjWfSwvhMgCArNy\nZicUXUIvkhz3DSqUDP7Q2pt6aywn42NRYhUELYLjVVsgnCNsfSOOaOmz8Pzzm09L\nS3XrREyoCykndy9xoTjYK76fAgMBAAGjFjAUMBIGA1UdEwEB/wQIMAYBAf8CAQAw\nDQYJKoZIhvcNAQELBQADggEBACPcCK1okmRrk3DivKLHkzfhKd7aFFIjCSLiS64o\nrD6FyM19b/uzJpqJ/vf/4srk0a7lDoqrUAHYDBfwiiDrh+RRc6qaWuZDSh3Sp+c5\nf+OQpBgExCkM1vYQjiLxmOt+FV+g7wF0u7gN/s6B4sTSoFp2Gpsq0QCra4feMYF+\nR9MoZWrklSeG5H6Q3QaxXuIVW/O/nE2LrhuwONs8EbWaG7C4vAdOE4KOiWXerRLb\n+lH8mN4iiRzVXKUnfxjn6iYMhbhZ3mSqpIL8CDPoxWPouNv8Gph77ZRCDyPWBu3J\nL1LYM+uTJibk5XRZ/ja+XpV39OVm9QDeLy86U+vCNyNFQJo=\n-----END CERTIFICATE-----",
                "common_name": "C=US,O=Google\\, Inc,CN=Google Cloud SQL Server CA,dnQualifier=ad6f0d92-5911-4848-beb0-0d9db99732e9",
                "create_time": "2024-01-26T11:50:03.599Z",
                "expiration_time": "2034-01-23T11:51:03.599Z",
                "sha1_fingerprint": "a10aa2eca713fd16ed81f12820b57a8f2de43368"
              }
            ],
            "service_account_email_address": "p987818742353-oxwh3l@gcp-sa-cloud-sql.iam.gserviceaccount.com",
            "settings": [
              {
                "activation_policy": "ALWAYS",
                "active_directory_config": [],
                "advanced_machine_features": [],
                "availability_type": "REGIONAL",
                "backup_configuration": [
                  {
                    "backup_retention_settings": [
                      {
                        "retained_backups": 7,
                        "retention_unit": "COUNT"
                      }
                    ],
                    "binary_log_enabled": true,
                    "enabled": true,
                    "location": "",
                    "point_in_time_recovery_enabled": false,
                    "start_time": "14:00",
                    "transaction_log_retention_days": 7
                  }
                ],
                "collation": "",
                "connector_enforcement": "NOT_REQUIRED",
                "data_cache_config": [],
                "database_flags": [
                  {
                    "name": "log_bin_trust_function_creators",
                    "value": "on"
                  }
                ],
                "deletion_protection_enabled": false,
                "deny_maintenance_period": [],
                "disk_autoresize": true,
                "disk_autoresize_limit": 0,
                "disk_size": 10,
                "disk_type": "PD_SSD",
                "edition": "ENTERPRISE",
                "insights_config": [],
                "ip_configuration": [
                  {
                    "allocated_ip_range": "",
                    "authorized_networks": [
                      {
                        "expiration_time": "",
                        "name": "sample-gcp-health-checkers-range",
                        "value": "130.211.0.0/28"
                      }
                    ],
                    "enable_private_path_for_google_cloud_services": false,
                    "ipv4_enabled": true,
                    "private_network": "",
                    "psc_config": [],
                    "require_ssl": true,
                    "ssl_mode": ""
                  }
                ],
                "location_preference": [
                  {
                    "follow_gae_application": "",
                    "secondary_zone": "",
                    "zone": "us-central1-c"
                  }
                ],
                "maintenance_window": [
                  {
                    "day": 1,
                    "hour": 23,
                    "update_track": "canary"
                  }
                ],
                "password_validation_policy": [],
                "pricing_plan": "PER_USE",
                "sql_server_audit_config": [],
                "tier": "db-n1-standard-1",
                "time_zone": "",
                "user_labels": {},
                "version": 4
              }
            ],
            "timeouts": {
              "create": "30m",
              "delete": "30m",
              "update": "30m"
            }
          },
          "sensitive_attributes": [],
          "private": "eyJlMmJmYjczMC1lY2FhLTExZTYtOGY4OC0zNDM2M2JjN2M0YzAiOnsiY3JlYXRlIjoxODAwMDAwMDAwMDAwLCJkZWxldGUiOjE4MDAwMDAwMDAwMDAsInVwZGF0ZSI6MTgwMDAwMDAwMDAwMH19",
          "dependencies": [
            "module.sqldb.module.mysql-db.null_resource.module_depends_on",
            "module.sqldb.module.mysql-db.random_id.suffix"
          ]
        }
      ]
    },
    {
      "module": "module.sqldb.module.mysql-db",
      "mode": "managed",
      "type": "google_sql_user",
      "name": "default",
      "provider": "provider[\"registry.terraform.io/hashicorp/google\"]",
      "instances": [
        {
          "index_key": 0,
          "schema_version": 1,
          "attributes": {
            "deletion_policy": null,
            "host": "%",
            "id": "default/%/fpl-afdbb6fb",
            "instance": "fpl-afdbb6fb",
            "name": "default",
            "password": "vZaHsrubq0AyhsMU9L5TWtO8HBhLsvEB",
            "password_policy": [],
            "project": "fpl-analysis-tool",
            "sql_server_user_details": [],
            "timeouts": null,
            "type": ""
          },
          "sensitive_attributes": [
            [
              {
                "type": "get_attr",
                "value": "password"
              }
            ]
          ],
          "private": "eyJlMmJmYjczMC1lY2FhLTExZTYtOGY4OC0zNDM2M2JjN2M0YzAiOnsiY3JlYXRlIjo2MDAwMDAwMDAwMDAsImRlbGV0ZSI6NjAwMDAwMDAwMDAwLCJ1cGRhdGUiOjYwMDAwMDAwMDAwMH0sInNjaGVtYV92ZXJzaW9uIjoiMSJ9",
          "dependencies": [
            "module.sqldb.module.mysql-db.data.google_compute_zones.available",
            "module.sqldb.module.mysql-db.google_sql_database_instance.default",
            "module.sqldb.module.mysql-db.google_sql_database_instance.replicas",
            "module.sqldb.module.mysql-db.null_resource.module_depends_on",
            "module.sqldb.module.mysql-db.random_id.suffix",
            "module.sqldb.module.mysql-db.random_password.user-password"
          ]
        }
      ]
    },
    {
      "module": "module.sqldb.module.mysql-db",
      "mode": "managed",
      "type": "null_resource",
      "name": "module_depends_on",
      "provider": "provider[\"registry.terraform.io/hashicorp/null\"]",
      "instances": [
        {
          "schema_version": 0,
          "attributes": {
            "id": "200126307368943986",
            "triggers": {
              "value": "0"
            }
          },
          "sensitive_attributes": []
        }
      ]
    },
    {
      "module": "module.sqldb.module.mysql-db",
      "mode": "managed",
      "type": "random_id",
      "name": "suffix",
      "provider": "provider[\"registry.terraform.io/hashicorp/random\"]",
      "instances": [
        {
          "index_key": 0,
          "schema_version": 0,
          "attributes": {
            "b64_std": "r9u2+w==",
            "b64_url": "r9u2-w",
            "byte_length": 4,
            "dec": "2950412027",
            "hex": "afdbb6fb",
            "id": "r9u2-w",
            "keepers": null,
            "prefix": null
          },
          "sensitive_attributes": []
        }
      ]
    },
    {
      "module": "module.sqldb.module.mysql-db",
      "mode": "managed",
      "type": "random_password",
      "name": "user-password",
      "provider": "provider[\"registry.terraform.io/hashicorp/random\"]",
      "instances": [
        {
          "schema_version": 3,
          "attributes": {
            "bcrypt_hash": "$2a$10$6YcVHPvWTWbh3zKR3oVDMeYL6TX795w1TFdNbMKesS2zh5ry/qbW2",
            "id": "none",
            "keepers": {
              "name": "fpl-afdbb6fb"
            },
            "length": 32,
            "lower": true,
            "min_lower": 1,
            "min_numeric": 1,
            "min_special": 0,
            "min_upper": 1,
            "number": true,
            "numeric": true,
            "override_special": null,
            "result": "vZaHsrubq0AyhsMU9L5TWtO8HBhLsvEB",
            "special": false,
            "upper": true
          },
          "sensitive_attributes": [],
          "dependencies": [
            "module.sqldb.module.mysql-db.google_sql_database_instance.default",
            "module.sqldb.module.mysql-db.null_resource.module_depends_on",
            "module.sqldb.module.mysql-db.random_id.suffix"
          ]
        }
      ]
    }
  ],
  "check_results": null
}
